
Microsoft Visual Studio Solution File, Format Version 12.00
# Visual Studio 15
VisualStudioVersion = 15.0.28307.757
MinimumVisualStudioVersion = 10.0.40219.1
Project("{2150E333-8FDC-42A3-9474-1A3956D46DE8}") = "dev", "dev", "{A19BC684-CA54-44FE-B282-A9B06E9370E5}"
EndProject
Project("{2150E333-8FDC-42A3-9474-1A3956D46DE8}") = "test", "test", "{995E7285-4DD0-4074-9DFE-9671B8A63B0F}"
EndProject
Project("{9A19103F-16F7-4668-BE54-9A1E7A4F7556}") = "EFC.Framework", "EFC.Framework\EFC.Framework.csproj", "{5CBAA849-DC9A-48B2-98BC-7EBB2A48759B}"
EndProject
Project("{9A19103F-16F7-4668-BE54-9A1E7A4F7556}") = "EFC.Framework.Common", "EFC.Framework.Common\EFC.Framework.Common.csproj", "{EFE00593-7CD2-446E-A334-6005F29DBAD8}"
EndProject
Global
	GlobalSection(SolutionConfigurationPlatforms) = preSolution
		Debug|Any CPU = Debug|Any CPU
		Release|Any CPU = Release|Any CPU
	EndGlobalSection
	GlobalSection(ProjectConfigurationPlatforms) = postSolution
		{5CBAA849-DC9A-48B2-98BC-7EBB2A48759B}.Debug|Any CPU.ActiveCfg = Debug|Any CPU
		{5CBAA849-DC9A-48B2-98BC-7EBB2A48759B}.Debug|Any CPU.Build.0 = Debug|Any CPU
		{5CBAA849-DC9A-48B2-98BC-7EBB2A48759B}.Release|Any CPU.ActiveCfg = Release|Any CPU
		{5CBAA849-DC9A-48B2-98BC-7EBB2A48759B}.Release|Any CPU.Build.0 = Release|Any CPU
		{EFE00593-7CD2-446E-A334-6005F29DBAD8}.Debug|Any CPU.ActiveCfg = Debug|Any CPU
		{EFE00593-7CD2-446E-A334-6005F29DBAD8}.Debug|Any CPU.Build.0 = Debug|Any CPU
		{EFE00593-7CD2-446E-A334-6005F29DBAD8}.Release|Any CPU.ActiveCfg = Release|Any CPU
		{EFE00593-7CD2-446E-A334-6005F29DBAD8}.Release|Any CPU.Build.0 = Release|Any CPU
	EndGlobalSection
	GlobalSection(SolutionProperties) = preSolution
		HideSolutionNode = FALSE
	EndGlobalSection
	GlobalSection(NestedProjects) = preSolution
		{5CBAA849-DC9A-48B2-98BC-7EBB2A48759B} = {A19BC684-CA54-44FE-B282-A9B06E9370E5}
		{EFE00593-7CD2-446E-A334-6005F29DBAD8} = {A19BC684-CA54-44FE-B282-A9B06E9370E5}
	EndGlobalSection
	GlobalSection(ExtensibilityGlobals) = postSolution
		SolutionGuid = {7050EC09-D6C3-422C-8B36-29CF2A809F62}
	EndGlobalSection
EndGlobal
